
Microsoft Visual Studio Solution File, Format Version 12.00
# Visual Studio 15
VisualStudioVersion = 15.0.26124.0
MinimumVisualStudioVersion = 15.0.26124.0
Project("{2150E333-8FDC-42A3-9474-1A3956D46DE8}") = "src", "src", "{1298B2E5-20B0-4892-B868-64B22DE8AF56}"
EndProject
Project("{FAE04EC0-301F-11D3-BF4B-00C04F79EFBC}") = "GradeBook", "src\GradeBook\GradeBook.csproj", "{0CC29355-40F6-48EE-9BC6-804920C0FC1D}"
EndProject
Project("{2150E333-8FDC-42A3-9474-1A3956D46DE8}") = "test", "test", "{342E9756-F3B1-4F08-AF86-B5B91D6676CE}"
EndProject
Project("{FAE04EC0-301F-11D3-BF4B-00C04F79EFBC}") = "Gradebook.Tests", "test\Gradebook.Tests\Gradebook.Tests.csproj", "{1026B9ED-523E-456A-9B40-003468DBBF4A}"
EndProject
Global
	GlobalSection(SolutionConfigurationPlatforms) = preSolution
		Debug|Any CPU = Debug|Any CPU
		Debug|x64 = Debug|x64
		Debug|x86 = Debug|x86
		Release|Any CPU = Release|Any CPU
		Release|x64 = Release|x64
		Release|x86 = Release|x86
	EndGlobalSection
	GlobalSection(SolutionProperties) = preSolution
		HideSolutionNode = FALSE
	EndGlobalSection
	GlobalSection(ProjectConfigurationPlatforms) = postSolution
		{0CC29355-40F6-48EE-9BC6-804920C0FC1D}.Debug|Any CPU.ActiveCfg = Debug|Any CPU
		{0CC29355-40F6-48EE-9BC6-804920C0FC1D}.Debug|Any CPU.Build.0 = Debug|Any CPU
		{0CC29355-40F6-48EE-9BC6-804920C0FC1D}.Debug|x64.ActiveCfg = Debug|Any CPU
		{0CC29355-40F6-48EE-9BC6-804920C0FC1D}.Debug|x64.Build.0 = Debug|Any CPU
		{0CC29355-40F6-48EE-9BC6-804920C0FC1D}.Debug|x86.ActiveCfg = Debug|Any CPU
		{0CC29355-40F6-48EE-9BC6-804920C0FC1D}.Debug|x86.Build.0 = Debug|Any CPU
		{0CC29355-40F6-48EE-9BC6-804920C0FC1D}.Release|Any CPU.ActiveCfg = Release|Any CPU
		{0CC29355-40F6-48EE-9BC6-804920C0FC1D}.Release|Any CPU.Build.0 = Release|Any CPU
		{0CC29355-40F6-48EE-9BC6-804920C0FC1D}.Release|x64.ActiveCfg = Release|Any CPU
		{0CC29355-40F6-48EE-9BC6-804920C0FC1D}.Release|x64.Build.0 = Release|Any CPU
		{0CC29355-40F6-48EE-9BC6-804920C0FC1D}.Release|x86.ActiveCfg = Release|Any CPU
		{0CC29355-40F6-48EE-9BC6-804920C0FC1D}.Release|x86.Build.0 = Release|Any CPU
		{1026B9ED-523E-456A-9B40-003468DBBF4A}.Debug|Any CPU.ActiveCfg = Debug|Any CPU
		{1026B9ED-523E-456A-9B40-003468DBBF4A}.Debug|Any CPU.Build.0 = Debug|Any CPU
		{1026B9ED-523E-456A-9B40-003468DBBF4A}.Debug|x64.ActiveCfg = Debug|Any CPU
		{1026B9ED-523E-456A-9B40-003468DBBF4A}.Debug|x64.Build.0 = Debug|Any CPU
		{1026B9ED-523E-456A-9B40-003468DBBF4A}.Debug|x86.ActiveCfg = Debug|Any CPU
		{1026B9ED-523E-456A-9B40-003468DBBF4A}.Debug|x86.Build.0 = Debug|Any CPU
		{1026B9ED-523E-456A-9B40-003468DBBF4A}.Release|Any CPU.ActiveCfg = Release|Any CPU
		{1026B9ED-523E-456A-9B40-003468DBBF4A}.Release|Any CPU.Build.0 = Release|Any CPU
		{1026B9ED-523E-456A-9B40-003468DBBF4A}.Release|x64.ActiveCfg = Release|Any CPU
		{1026B9ED-523E-456A-9B40-003468DBBF4A}.Release|x64.Build.0 = Release|Any CPU
		{1026B9ED-523E-456A-9B40-003468DBBF4A}.Release|x86.ActiveCfg = Release|Any CPU
		{1026B9ED-523E-456A-9B40-003468DBBF4A}.Release|x86.Build.0 = Release|Any CPU
	EndGlobalSection
	GlobalSection(NestedProjects) = preSolution
		{0CC29355-40F6-48EE-9BC6-804920C0FC1D} = {1298B2E5-20B0-4892-B868-64B22DE8AF56}
		{1026B9ED-523E-456A-9B40-003468DBBF4A} = {342E9756-F3B1-4F08-AF86-B5B91D6676CE}
	EndGlobalSection
EndGlobal
